
Microsoft Visual Studio Solution File, Format Version 12.00
# Visual Studio Version 17
VisualStudioVersion = 17.5.33516.290
MinimumVisualStudioVersion = 10.0.40219.1
Project("{8BC9CEB8-8B4A-11D0-8D11-00A0C91BC942}") = "Лаба3", "Лаба3\Лаба3.vcxproj", "{A43FCD67-3D5B-4EB0-B2EA-A1A0E32632AB}"
EndProject
Global
	GlobalSection(SolutionConfigurationPlatforms) = preSolution
		Debug|x64 = Debug|x64
		Debug|x86 = Debug|x86
		Release|x64 = Release|x64
		Release|x86 = Release|x86
	EndGlobalSection
	GlobalSection(ProjectConfigurationPlatforms) = postSolution
		{A43FCD67-3D5B-4EB0-B2EA-A1A0E32632AB}.Debug|x64.ActiveCfg = Debug|x64
		{A43FCD67-3D5B-4EB0-B2EA-A1A0E32632AB}.Debug|x64.Build.0 = Debug|x64
		{A43FCD67-3D5B-4EB0-B2EA-A1A0E32632AB}.Debug|x86.ActiveCfg = Debug|Win32
		{A43FCD67-3D5B-4EB0-B2EA-A1A0E32632AB}.Debug|x86.Build.0 = Debug|Win32
		{A43FCD67-3D5B-4EB0-B2EA-A1A0E32632AB}.Release|x64.ActiveCfg = Release|x64
		{A43FCD67-3D5B-4EB0-B2EA-A1A0E32632AB}.Release|x64.Build.0 = Release|x64
		{A43FCD67-3D5B-4EB0-B2EA-A1A0E32632AB}.Release|x86.ActiveCfg = Release|Win32
		{A43FCD67-3D5B-4EB0-B2EA-A1A0E32632AB}.Release|x86.Build.0 = Release|Win32
	EndGlobalSection
	GlobalSection(SolutionProperties) = preSolution
		HideSolutionNode = FALSE
	EndGlobalSection
	GlobalSection(ExtensibilityGlobals) = postSolution
		SolutionGuid = {CEA06F5B-E584-475B-BA31-2AC31BBB91E4}
	EndGlobalSection
EndGlobal
